// !$*UTF8*$!
{
	archiveVersion = 1;
	classes = {
	};
	objectVersion = 55;
	objects = {

/* Begin PBXBuildFile section */
		C003C43F2788EE6E00274858 /* SettingsStore.swift in Sources */ = {isa = PBXBuildFile; fileRef = C003C43E2788EE6E00274858 /* SettingsStore.swift */; };
		C003C4422788F5E400274858 /* MotionFilter.swift in Sources */ = {isa = PBXBuildFile; fileRef = C003C4412788F5E400274858 /* MotionFilter.swift */; };
		C03497052786817E0084C604 /* ScrollingStackModifier.swift in Sources */ = {isa = PBXBuildFile; fileRef = C03497042786817E0084C604 /* ScrollingStackModifier.swift */; };
		C0349708278681D60084C604 /* Instrument.swift in Sources */ = {isa = PBXBuildFile; fileRef = C0349707278681D60084C604 /* Instrument.swift */; };
		C034970B2786820C0084C604 /* STKAudioKit in Frameworks */ = {isa = PBXBuildFile; productRef = C034970A2786820C0084C604 /* STKAudioKit */; };
		C034970D27868EE30084C604 /* InstrumentCell.swift in Sources */ = {isa = PBXBuildFile; fileRef = C034970C27868EE30084C604 /* InstrumentCell.swift */; };
		C08312D4276FE777002D6BE8 /* Jingle_SwiftUIApp.swift in Sources */ = {isa = PBXBuildFile; fileRef = C08312D3276FE777002D6BE8 /* Jingle_SwiftUIApp.swift */; };
		C08312D6276FE777002D6BE8 /* ContentView.swift in Sources */ = {isa = PBXBuildFile; fileRef = C08312D5276FE777002D6BE8 /* ContentView.swift */; };
		C08312D8276FE779002D6BE8 /* Assets.xcassets in Resources */ = {isa = PBXBuildFile; fileRef = C08312D7276FE779002D6BE8 /* Assets.xcassets */; };
		C08312DB276FE779002D6BE8 /* Preview Assets.xcassets in Resources */ = {isa = PBXBuildFile; fileRef = C08312DA276FE779002D6BE8 /* Preview Assets.xcassets */; };
		C08312E5276FE779002D6BE8 /* Jingle_SwiftUITests.swift in Sources */ = {isa = PBXBuildFile; fileRef = C08312E4276FE779002D6BE8 /* Jingle_SwiftUITests.swift */; };
		C08312FF276FE7CC002D6BE8 /* AudioKit in Frameworks */ = {isa = PBXBuildFile; productRef = C08312FE276FE7CC002D6BE8 /* AudioKit */; };
		C0E77D7F27713192002E3F21 /* Motion.swift in Sources */ = {isa = PBXBuildFile; fileRef = C0E77D7E27713192002E3F21 /* Motion.swift */; };
		C0E77D8127713213002E3F21 /* AudioHandler.swift in Sources */ = {isa = PBXBuildFile; fileRef = C0E77D8027713213002E3F21 /* AudioHandler.swift */; };
/* End PBXBuildFile section */

/* Begin PBXContainerItemProxy section */
		C08312E1276FE779002D6BE8 /* PBXContainerItemProxy */ = {
			isa = PBXContainerItemProxy;
			containerPortal = C08312C8276FE777002D6BE8 /* Project object */;
			proxyType = 1;
			remoteGlobalIDString = C08312CF276FE777002D6BE8;
			remoteInfo = "Jingle-SwiftUI";
		};
/* End PBXContainerItemProxy section */

/* Begin PBXFileReference section */
		C003C43E2788EE6E00274858 /* SettingsStore.swift */ = {isa = PBXFileReference; lastKnownFileType = sourcecode.swift; path = SettingsStore.swift; sourceTree = "<group>"; };
		C003C4412788F5E400274858 /* MotionFilter.swift */ = {isa = PBXFileReference; lastKnownFileType = sourcecode.swift; path = MotionFilter.swift; sourceTree = "<group>"; };
		C03497042786817E0084C604 /* ScrollingStackModifier.swift */ = {isa = PBXFileReference; lastKnownFileType = sourcecode.swift; path = ScrollingStackModifier.swift; sourceTree = "<group>"; };
		C0349707278681D60084C604 /* Instrument.swift */ = {isa = PBXFileReference; lastKnownFileType = sourcecode.swift; path = Instrument.swift; sourceTree = "<group>"; };
		C034970C27868EE30084C604 /* InstrumentCell.swift */ = {isa = PBXFileReference; lastKnownFileType = sourcecode.swift; path = InstrumentCell.swift; sourceTree = "<group>"; };
		C08312D0276FE777002D6BE8 /* Jingle.app */ = {isa = PBXFileReference; explicitFileType = wrapper.application; includeInIndex = 0; path = Jingle.app; sourceTree = BUILT_PRODUCTS_DIR; };
		C08312D3276FE777002D6BE8 /* Jingle_SwiftUIApp.swift */ = {isa = PBXFileReference; lastKnownFileType = sourcecode.swift; path = Jingle_SwiftUIApp.swift; sourceTree = "<group>"; };
		C08312D5276FE777002D6BE8 /* ContentView.swift */ = {isa = PBXFileReference; lastKnownFileType = sourcecode.swift; path = ContentView.swift; sourceTree = "<group>"; };
		C08312D7276FE779002D6BE8 /* Assets.xcassets */ = {isa = PBXFileReference; lastKnownFileType = folder.assetcatalog; path = Assets.xcassets; sourceTree = "<group>"; };
		C08312DA276FE779002D6BE8 /* Preview Assets.xcassets */ = {isa = PBXFileReference; lastKnownFileType = folder.assetcatalog; path = "Preview Assets.xcassets"; sourceTree = "<group>"; };
		C08312E0276FE779002D6BE8 /* Jingle-Tests.xctest */ = {isa = PBXFileReference; explicitFileType = wrapper.cfbundle; includeInIndex = 0; path = "Jingle-Tests.xctest"; sourceTree = BUILT_PRODUCTS_DIR; };
		C08312E4276FE779002D6BE8 /* Jingle_SwiftUITests.swift */ = {isa = PBXFileReference; lastKnownFileType = sourcecode.swift; path = Jingle_SwiftUITests.swift; sourceTree = "<group>"; };
		C0E77D7E27713192002E3F21 /* Motion.swift */ = {isa = PBXFileReference; fileEncoding = 4; lastKnownFileType = sourcecode.swift; path = Motion.swift; sourceTree = "<group>"; };
		C0E77D8027713213002E3F21 /* AudioHandler.swift */ = {isa = PBXFileReference; lastKnownFileType = sourcecode.swift; path = AudioHandler.swift; sourceTree = "<group>"; };
/* End PBXFileReference section */

/* Begin PBXFrameworksBuildPhase section */
		C08312CD276FE777002D6BE8 /* Frameworks */ = {
			isa = PBXFrameworksBuildPhase;
			buildActionMask = 2147483647;
			files = (
				C08312FF276FE7CC002D6BE8 /* AudioKit in Frameworks */,
				C034970B2786820C0084C604 /* STKAudioKit in Frameworks */,
			);
			runOnlyForDeploymentPostprocessing = 0;
		};
		C08312DD276FE779002D6BE8 /* Frameworks */ = {
			isa = PBXFrameworksBuildPhase;
			buildActionMask = 2147483647;
			files = (
			);
			runOnlyForDeploymentPostprocessing = 0;
		};
/* End PBXFrameworksBuildPhase section */

/* Begin PBXGroup section */
		C08312C7276FE777002D6BE8 = {
			isa = PBXGroup;
			children = (
				C08312D2276FE777002D6BE8 /* Jingle-SwiftUI */,
				C08312E3276FE779002D6BE8 /* Jingle-SwiftUITests */,
				C08312D1276FE777002D6BE8 /* Products */,
			);
			sourceTree = "<group>";
		};
		C08312D1276FE777002D6BE8 /* Products */ = {
			isa = PBXGroup;
			children = (
				C08312D0276FE777002D6BE8 /* Jingle.app */,
				C08312E0276FE779002D6BE8 /* Jingle-Tests.xctest */,
			);
			name = Products;
			sourceTree = "<group>";
		};
		C08312D2276FE777002D6BE8 /* Jingle-SwiftUI */ = {
			isa = PBXGroup;
			children = (
				C08312D3276FE777002D6BE8 /* Jingle_SwiftUIApp.swift */,
				C0E77D7D2771316C002E3F21 /* Motion */,
				C0E77D7C27713166002E3F21 /* Audio */,
				C0E77D782770D628002E3F21 /* Model */,
				C08312D5276FE777002D6BE8 /* ContentView.swift */,
				C03497042786817E0084C604 /* ScrollingStackModifier.swift */,
				C034970C27868EE30084C604 /* InstrumentCell.swift */,
				C08312D7276FE779002D6BE8 /* Assets.xcassets */,
				C08312D9276FE779002D6BE8 /* Preview Content */,
			);
			path = "Jingle-SwiftUI";
			sourceTree = "<group>";
		};
		C08312D9276FE779002D6BE8 /* Preview Content */ = {
			isa = PBXGroup;
			children = (
				C08312DA276FE779002D6BE8 /* Preview Assets.xcassets */,
			);
			path = "Preview Content";
			sourceTree = "<group>";
		};
		C08312E3276FE779002D6BE8 /* Jingle-SwiftUITests */ = {
			isa = PBXGroup;
			children = (
				C08312E4276FE779002D6BE8 /* Jingle_SwiftUITests.swift */,
			);
			path = "Jingle-SwiftUITests";
			sourceTree = "<group>";
		};
		C0E77D782770D628002E3F21 /* Model */ = {
			isa = PBXGroup;
			children = (
				C003C43E2788EE6E00274858 /* SettingsStore.swift */,
			);
			path = Model;
			sourceTree = "<group>";
		};
		C0E77D7C27713166002E3F21 /* Audio */ = {
			isa = PBXGroup;
			children = (
				C0E77D8027713213002E3F21 /* AudioHandler.swift */,
				C0349707278681D60084C604 /* Instrument.swift */,
			);
			path = Audio;
			sourceTree = "<group>";
		};
		C0E77D7D2771316C002E3F21 /* Motion */ = {
			isa = PBXGroup;
			children = (
				C0E77D7E27713192002E3F21 /* Motion.swift */,
				C003C4412788F5E400274858 /* MotionFilter.swift */,
			);
			path = Motion;
			sourceTree = "<group>";
		};
/* End PBXGroup section */

/* Begin PBXNativeTarget section */
		C08312CF276FE777002D6BE8 /* Jingle */ = {
			isa = PBXNativeTarget;
			buildConfigurationList = C08312F4276FE77A002D6BE8 /* Build configuration list for PBXNativeTarget "Jingle" */;
			buildPhases = (
				C08312CC276FE777002D6BE8 /* Sources */,
				C08312CD276FE777002D6BE8 /* Frameworks */,
				C08312CE276FE777002D6BE8 /* Resources */,
			);
			buildRules = (
			);
			dependencies = (
			);
			name = Jingle;
			packageProductDependencies = (
				C08312FE276FE7CC002D6BE8 /* AudioKit */,
				C034970A2786820C0084C604 /* STKAudioKit */,
			);
			productName = "Jingle-SwiftUI";
			productReference = C08312D0276FE777002D6BE8 /* Jingle.app */;
			productType = "com.apple.product-type.application";
		};
		C08312DF276FE779002D6BE8 /* Jingle-Tests */ = {
			isa = PBXNativeTarget;
			buildConfigurationList = C08312F7276FE77A002D6BE8 /* Build configuration list for PBXNativeTarget "Jingle-Tests" */;
			buildPhases = (
				C08312DC276FE779002D6BE8 /* Sources */,
				C08312DD276FE779002D6BE8 /* Frameworks */,
				C08312DE276FE779002D6BE8 /* Resources */,
			);
			buildRules = (
			);
			dependencies = (
				C08312E2276FE779002D6BE8 /* PBXTargetDependency */,
			);
			name = "Jingle-Tests";
			productName = "Jingle-SwiftUITests";
			productReference = C08312E0276FE779002D6BE8 /* Jingle-Tests.xctest */;
			productType = "com.apple.product-type.bundle.unit-test";
		};
/* End PBXNativeTarget section */

/* Begin PBXProject section */
		C08312C8276FE777002D6BE8 /* Project object */ = {
			isa = PBXProject;
			attributes = {
				BuildIndependentTargetsInParallel = 1;
				LastSwiftUpdateCheck = 1310;
				LastUpgradeCheck = 1310;
				TargetAttributes = {
					C08312CF276FE777002D6BE8 = {
						CreatedOnToolsVersion = 13.1;
					};
					C08312DF276FE779002D6BE8 = {
						CreatedOnToolsVersion = 13.1;
						TestTargetID = C08312CF276FE777002D6BE8;
					};
				};
			};
			buildConfigurationList = C08312CB276FE777002D6BE8 /* Build configuration list for PBXProject "Jingle-SwiftUI" */;
			compatibilityVersion = "Xcode 13.0";
			developmentRegion = en;
			hasScannedForEncodings = 0;
			knownRegions = (
				en,
				Base,
			);
			mainGroup = C08312C7276FE777002D6BE8;
			packageReferences = (
				C08312FD276FE7CC002D6BE8 /* XCRemoteSwiftPackageReference "AudioKit" */,
				C03497092786820C0084C604 /* XCRemoteSwiftPackageReference "STKAudioKit" */,
			);
			productRefGroup = C08312D1276FE777002D6BE8 /* Products */;
			projectDirPath = "";
			projectRoot = "";
			targets = (
				C08312CF276FE777002D6BE8 /* Jingle */,
				C08312DF276FE779002D6BE8 /* Jingle-Tests */,
			);
		};
/* End PBXProject section */

/* Begin PBXResourcesBuildPhase section */
		C08312CE276FE777002D6BE8 /* Resources */ = {
			isa = PBXResourcesBuildPhase;
			buildActionMask = 2147483647;
			files = (
				C08312DB276FE779002D6BE8 /* Preview Assets.xcassets in Resources */,
				C08312D8276FE779002D6BE8 /* Assets.xcassets in Resources */,
			);
			runOnlyForDeploymentPostprocessing = 0;
		};
		C08312DE276FE779002D6BE8 /* Resources */ = {
			isa = PBXResourcesBuildPhase;
			buildActionMask = 2147483647;
			files = (
			);
			runOnlyForDeploymentPostprocessing = 0;
		};
/* End PBXResourcesBuildPhase section */

/* Begin PBXSourcesBuildPhase section */
		C08312CC276FE777002D6BE8 /* Sources */ = {
			isa = PBXSourcesBuildPhase;
			buildActionMask = 2147483647;
			files = (
				C034970D27868EE30084C604 /* InstrumentCell.swift in Sources */,
				C03497052786817E0084C604 /* ScrollingStackModifier.swift in Sources */,
				C003C4422788F5E400274858 /* MotionFilter.swift in Sources */,
				C08312D6276FE777002D6BE8 /* ContentView.swift in Sources */,
				C0E77D8127713213002E3F21 /* AudioHandler.swift in Sources */,
				C0349708278681D60084C604 /* Instrument.swift in Sources */,
				C08312D4276FE777002D6BE8 /* Jingle_SwiftUIApp.swift in Sources */,
				C0E77D7F27713192002E3F21 /* Motion.swift in Sources */,
				C003C43F2788EE6E00274858 /* SettingsStore.swift in Sources */,
			);
			runOnlyForDeploymentPostprocessing = 0;
		};
		C08312DC276FE779002D6BE8 /* Sources */ = {
			isa = PBXSourcesBuildPhase;
			buildActionMask = 2147483647;
			files = (
				C08312E5276FE779002D6BE8 /* Jingle_SwiftUITests.swift in Sources */,
			);
			runOnlyForDeploymentPostprocessing = 0;
		};
/* End PBXSourcesBuildPhase section */

/* Begin PBXTargetDependency section */
		C08312E2276FE779002D6BE8 /* PBXTargetDependency */ = {
			isa = PBXTargetDependency;
			target = C08312CF276FE777002D6BE8 /* Jingle */;
			targetProxy = C08312E1276FE779002D6BE8 /* PBXContainerItemProxy */;
		};
/* End PBXTargetDependency section */

/* Begin XCBuildConfiguration section */
		C08312F2276FE77A002D6BE8 /* Debug */ = {
			isa = XCBuildConfiguration;
			buildSettings = {
				ALWAYS_SEARCH_USER_PATHS = NO;
				CLANG_ANALYZER_NONNULL = YES;
				CLANG_ANALYZER_NUMBER_OBJECT_CONVERSION = YES_AGGRESSIVE;
				CLANG_CXX_LANGUAGE_STANDARD = "gnu++17";
				CLANG_CXX_LIBRARY = "libc++";
				CLANG_ENABLE_MODULES = YES;
				CLANG_ENABLE_OBJC_ARC = YES;
				CLANG_ENABLE_OBJC_WEAK = YES;
				CLANG_WARN_BLOCK_CAPTURE_AUTORELEASING = YES;
				CLANG_WARN_BOOL_CONVERSION = YES;
				CLANG_WARN_COMMA = YES;
				CLANG_WARN_CONSTANT_CONVERSION = YES;
				CLANG_WARN_DEPRECATED_OBJC_IMPLEMENTATIONS = YES;
				CLANG_WARN_DIRECT_OBJC_ISA_USAGE = YES_ERROR;
				CLANG_WARN_DOCUMENTATION_COMMENTS = YES;
				CLANG_WARN_EMPTY_BODY = YES;
				CLANG_WARN_ENUM_CONVERSION = YES;
				CLANG_WARN_INFINITE_RECURSION = YES;
				CLANG_WARN_INT_CONVERSION = YES;
				CLANG_WARN_NON_LITERAL_NULL_CONVERSION = YES;
				CLANG_WARN_OBJC_IMPLICIT_RETAIN_SELF = YES;
				CLANG_WARN_OBJC_LITERAL_CONVERSION = YES;
				CLANG_WARN_OBJC_ROOT_CLASS = YES_ERROR;
				CLANG_WARN_QUOTED_INCLUDE_IN_FRAMEWORK_HEADER = YES;
				CLANG_WARN_RANGE_LOOP_ANALYSIS = YES;
				CLANG_WARN_STRICT_PROTOTYPES = YES;
				CLANG_WARN_SUSPICIOUS_MOVE = YES;
				CLANG_WARN_UNGUARDED_AVAILABILITY = YES_AGGRESSIVE;
				CLANG_WARN_UNREACHABLE_CODE = YES;
				CLANG_WARN__DUPLICATE_METHOD_MATCH = YES;
				COPY_PHASE_STRIP = NO;
				DEBUG_INFORMATION_FORMAT = dwarf;
				ENABLE_STRICT_OBJC_MSGSEND = YES;
				ENABLE_TESTABILITY = YES;
				GCC_C_LANGUAGE_STANDARD = gnu11;
				GCC_DYNAMIC_NO_PIC = NO;
				GCC_NO_COMMON_BLOCKS = YES;
				GCC_OPTIMIZATION_LEVEL = 0;
				GCC_PREPROCESSOR_DEFINITIONS = (
					"DEBUG=1",
					"$(inherited)",
				);
				GCC_WARN_64_TO_32_BIT_CONVERSION = YES;
				GCC_WARN_ABOUT_RETURN_TYPE = YES_ERROR;
				GCC_WARN_UNDECLARED_SELECTOR = YES;
				GCC_WARN_UNINITIALIZED_AUTOS = YES_AGGRESSIVE;
				GCC_WARN_UNUSED_FUNCTION = YES;
				GCC_WARN_UNUSED_VARIABLE = YES;
				IPHONEOS_DEPLOYMENT_TARGET = 15.0;
				MTL_ENABLE_DEBUG_INFO = INCLUDE_SOURCE;
				MTL_FAST_MATH = YES;
				ONLY_ACTIVE_ARCH = YES;
				SDKROOT = iphoneos;
				SWIFT_ACTIVE_COMPILATION_CONDITIONS = DEBUG;
				SWIFT_OPTIMIZATION_LEVEL = "-Onone";
			};
			name = Debug;
		};
		C08312F3276FE77A002D6BE8 /* Release */ = {
			isa = XCBuildConfiguration;
			buildSettings = {
				ALWAYS_SEARCH_USER_PATHS = NO;
				CLANG_ANALYZER_NONNULL = YES;
				CLANG_ANALYZER_NUMBER_OBJECT_CONVERSION = YES_AGGRESSIVE;
				CLANG_CXX_LANGUAGE_STANDARD = "gnu++17";
				CLANG_CXX_LIBRARY = "libc++";
				CLANG_ENABLE_MODULES = YES;
				CLANG_ENABLE_OBJC_ARC = YES;
				CLANG_ENABLE_OBJC_WEAK = YES;
				CLANG_WARN_BLOCK_CAPTURE_AUTORELEASING = YES;
				CLANG_WARN_BOOL_CONVERSION = YES;
				CLANG_WARN_COMMA = YES;
				CLANG_WARN_CONSTANT_CONVERSION = YES;
				CLANG_WARN_DEPRECATED_OBJC_IMPLEMENTATIONS = YES;
				CLANG_WARN_DIRECT_OBJC_ISA_USAGE = YES_ERROR;
				CLANG_WARN_DOCUMENTATION_COMMENTS = YES;
				CLANG_WARN_EMPTY_BODY = YES;
				CLANG_WARN_ENUM_CONVERSION = YES;
				CLANG_WARN_INFINITE_RECURSION = YES;
				CLANG_WARN_INT_CONVERSION = YES;
				CLANG_WARN_NON_LITERAL_NULL_CONVERSION = YES;
				CLANG_WARN_OBJC_IMPLICIT_RETAIN_SELF = YES;
				CLANG_WARN_OBJC_LITERAL_CONVERSION = YES;
				CLANG_WARN_OBJC_ROOT_CLASS = YES_ERROR;
				CLANG_WARN_QUOTED_INCLUDE_IN_FRAMEWORK_HEADER = YES;
				CLANG_WARN_RANGE_LOOP_ANALYSIS = YES;
				CLANG_WARN_STRICT_PROTOTYPES = YES;
				CLANG_WARN_SUSPICIOUS_MOVE = YES;
				CLANG_WARN_UNGUARDED_AVAILABILITY = YES_AGGRESSIVE;
				CLANG_WARN_UNREACHABLE_CODE = YES;
				CLANG_WARN__DUPLICATE_METHOD_MATCH = YES;
				COPY_PHASE_STRIP = NO;
				DEBUG_INFORMATION_FORMAT = "dwarf-with-dsym";
				ENABLE_NS_ASSERTIONS = NO;
				ENABLE_STRICT_OBJC_MSGSEND = YES;
				GCC_C_LANGUAGE_STANDARD = gnu11;
				GCC_NO_COMMON_BLOCKS = YES;
				GCC_WARN_64_TO_32_BIT_CONVERSION = YES;
				GCC_WARN_ABOUT_RETURN_TYPE = YES_ERROR;
				GCC_WARN_UNDECLARED_SELECTOR = YES;
				GCC_WARN_UNINITIALIZED_AUTOS = YES_AGGRESSIVE;
				GCC_WARN_UNUSED_FUNCTION = YES;
				GCC_WARN_UNUSED_VARIABLE = YES;
				IPHONEOS_DEPLOYMENT_TARGET = 15.0;
				MTL_ENABLE_DEBUG_INFO = NO;
				MTL_FAST_MATH = YES;
				SDKROOT = iphoneos;
				SWIFT_COMPILATION_MODE = wholemodule;
				SWIFT_OPTIMIZATION_LEVEL = "-O";
				VALIDATE_PRODUCT = YES;
			};
			name = Release;
		};
		C08312F5276FE77A002D6BE8 /* Debug */ = {
			isa = XCBuildConfiguration;
			buildSettings = {
				ASSETCATALOG_COMPILER_APPICON_NAME = AppIcon;
				ASSETCATALOG_COMPILER_GLOBAL_ACCENT_COLOR_NAME = AccentColor;
				CODE_SIGN_STYLE = Automatic;
				CURRENT_PROJECT_VERSION = 1;
				DEVELOPMENT_ASSET_PATHS = "\"Jingle-SwiftUI/Preview Content\"";
				DEVELOPMENT_TEAM = N2WM6EN8GQ;
				ENABLE_PREVIEWS = YES;
				GENERATE_INFOPLIST_FILE = YES;
				INFOPLIST_KEY_UIApplicationSceneManifest_Generation = YES;
				INFOPLIST_KEY_UIApplicationSupportsIndirectInputEvents = YES;
				INFOPLIST_KEY_UILaunchScreen_Generation = YES;
				INFOPLIST_KEY_UIRequiresFullScreen = YES;
				INFOPLIST_KEY_UISupportedInterfaceOrientations = UIInterfaceOrientationPortrait;
				LD_RUNPATH_SEARCH_PATHS = (
					"$(inherited)",
					"@executable_path/Frameworks",
				);
				MARKETING_VERSION = 2.0;
				PRODUCT_BUNDLE_IDENTIFIER = com.charliewilliams.shakers;
				PRODUCT_NAME = "$(TARGET_NAME)";
				SWIFT_EMIT_LOC_STRINGS = YES;
				SWIFT_VERSION = 5.0;
				TARGETED_DEVICE_FAMILY = "1,2";
			};
			name = Debug;
		};
		C08312F6276FE77A002D6BE8 /* Release */ = {
			isa = XCBuildConfiguration;
			buildSettings = {
				ASSETCATALOG_COMPILER_APPICON_NAME = AppIcon;
				ASSETCATALOG_COMPILER_GLOBAL_ACCENT_COLOR_NAME = AccentColor;
				CODE_SIGN_STYLE = Automatic;
				CURRENT_PROJECT_VERSION = 1;
				DEVELOPMENT_ASSET_PATHS = "\"Jingle-SwiftUI/Preview Content\"";
				DEVELOPMENT_TEAM = N2WM6EN8GQ;
				ENABLE_PREVIEWS = YES;
				GENERATE_INFOPLIST_FILE = YES;
				INFOPLIST_KEY_UIApplicationSceneManifest_Generation = YES;
				INFOPLIST_KEY_UIApplicationSupportsIndirectInputEvents = YES;
				INFOPLIST_KEY_UILaunchScreen_Generation = YES;
				INFOPLIST_KEY_UIRequiresFullScreen = YES;
				INFOPLIST_KEY_UISupportedInterfaceOrientations = UIInterfaceOrientationPortrait;
				LD_RUNPATH_SEARCH_PATHS = (
					"$(inherited)",
					"@executable_path/Frameworks",
				);
				MARKETING_VERSION = 2.0;
				PRODUCT_BUNDLE_IDENTIFIER = com.charliewilliams.shakers;
				PRODUCT_NAME = "$(TARGET_NAME)";
				SWIFT_EMIT_LOC_STRINGS = YES;
				SWIFT_VERSION = 5.0;
				TARGETED_DEVICE_FAMILY = "1,2";
			};
			name = Release;
		};
		C08312F8276FE77A002D6BE8 /* Debug */ = {
			isa = XCBuildConfiguration;
			buildSettings = {
				ALWAYS_EMBED_SWIFT_STANDARD_LIBRARIES = YES;
				BUNDLE_LOADER = "$(TEST_HOST)";
				CODE_SIGN_STYLE = Automatic;
				CURRENT_PROJECT_VERSION = 1;
				DEVELOPMENT_TEAM = N2WM6EN8GQ;
				GENERATE_INFOPLIST_FILE = YES;
				IPHONEOS_DEPLOYMENT_TARGET = 15.0;
				LD_RUNPATH_SEARCH_PATHS = (
					"$(inherited)",
					"@executable_path/Frameworks",
					"@loader_path/Frameworks",
				);
				MARKETING_VERSION = 1.0;
				PRODUCT_BUNDLE_IDENTIFIER = "com.charliewilliams.Jingle-SwiftUITests";
				PRODUCT_NAME = "$(TARGET_NAME)";
				SWIFT_EMIT_LOC_STRINGS = NO;
				SWIFT_VERSION = 5.0;
				TARGETED_DEVICE_FAMILY = "1,2";
				TEST_HOST = "$(BUILT_PRODUCTS_DIR)/Jingle.app/Jingle";
			};
			name = Debug;
		};
		C08312F9276FE77A002D6BE8 /* Release */ = {
			isa = XCBuildConfiguration;
			buildSettings = {
				ALWAYS_EMBED_SWIFT_STANDARD_LIBRARIES = YES;
				BUNDLE_LOADER = "$(TEST_HOST)";
				CODE_SIGN_STYLE = Automatic;
				CURRENT_PROJECT_VERSION = 1;
				DEVELOPMENT_TEAM = N2WM6EN8GQ;
				GENERATE_INFOPLIST_FILE = YES;
				IPHONEOS_DEPLOYMENT_TARGET = 15.0;
				LD_RUNPATH_SEARCH_PATHS = (
					"$(inherited)",
					"@executable_path/Frameworks",
					"@loader_path/Frameworks",
				);
				MARKETING_VERSION = 1.0;
				PRODUCT_BUNDLE_IDENTIFIER = "com.charliewilliams.Jingle-SwiftUITests";
				PRODUCT_NAME = "$(TARGET_NAME)";
				SWIFT_EMIT_LOC_STRINGS = NO;
				SWIFT_VERSION = 5.0;
				TARGETED_DEVICE_FAMILY = "1,2";
				TEST_HOST = "$(BUILT_PRODUCTS_DIR)/Jingle.app/Jingle";
			};
			name = Release;
		};
/* End XCBuildConfiguration section */

/* Begin XCConfigurationList section */
		C08312CB276FE777002D6BE8 /* Build configuration list for PBXProject "Jingle-SwiftUI" */ = {
			isa = XCConfigurationList;
			buildConfigurations = (
				C08312F2276FE77A002D6BE8 /* Debug */,
				C08312F3276FE77A002D6BE8 /* Release */,
			);
			defaultConfigurationIsVisible = 0;
			defaultConfigurationName = Release;
		};
		C08312F4276FE77A002D6BE8 /* Build configuration list for PBXNativeTarget "Jingle" */ = {
			isa = XCConfigurationList;
			buildConfigurations = (
				C08312F5276FE77A002D6BE8 /* Debug */,
				C08312F6276FE77A002D6BE8 /* Release */,
			);
			defaultConfigurationIsVisible = 0;
			defaultConfigurationName = Release;
		};
		C08312F7276FE77A002D6BE8 /* Build configuration list for PBXNativeTarget "Jingle-Tests" */ = {
			isa = XCConfigurationList;
			buildConfigurations = (
				C08312F8276FE77A002D6BE8 /* Debug */,
				C08312F9276FE77A002D6BE8 /* Release */,
			);
			defaultConfigurationIsVisible = 0;
			defaultConfigurationName = Release;
		};
/* End XCConfigurationList section */

/* Begin XCRemoteSwiftPackageReference section */
		C03497092786820C0084C604 /* XCRemoteSwiftPackageReference "STKAudioKit" */ = {
			isa = XCRemoteSwiftPackageReference;
			repositoryURL = "https://github.com/AudioKit/STKAudioKit.git";
			requirement = {
				kind = upToNextMajorVersion;
				minimumVersion = 6.0.0;
			};
		};
		C08312FD276FE7CC002D6BE8 /* XCRemoteSwiftPackageReference "AudioKit" */ = {
			isa = XCRemoteSwiftPackageReference;
			repositoryURL = "https://github.com/AudioKit/AudioKit.git";
			requirement = {
				kind = upToNextMajorVersion;
				minimumVersion = 6.0.0;
			};
		};
/* End XCRemoteSwiftPackageReference section */

/* Begin XCSwiftPackageProductDependency section */
		C034970A2786820C0084C604 /* STKAudioKit */ = {
			isa = XCSwiftPackageProductDependency;
			package = C03497092786820C0084C604 /* XCRemoteSwiftPackageReference "STKAudioKit" */;
			productName = STKAudioKit;
		};
		C08312FE276FE7CC002D6BE8 /* AudioKit */ = {
			isa = XCSwiftPackageProductDependency;
			package = C08312FD276FE7CC002D6BE8 /* XCRemoteSwiftPackageReference "AudioKit" */;
			productName = AudioKit;
		};
/* End XCSwiftPackageProductDependency section */
	};
	rootObject = C08312C8276FE777002D6BE8 /* Project object */;
}
