{
  "pins" : [
    {
      "identity" : "audiokit",
      "kind" : "remoteSourceControl",
      "location" : "https://github.com/AudioKit/AudioKit.git",
      "state" : {
        "revision" : "163a7a95e9aa3d61e9378a475b418df287fc478f",
        "version" : "5.4.3"
      }
    },
    {
      "identity" : "audiokitex",
      "kind" : "remoteSourceControl",
      "location" : "https://github.com/AudioKit/AudioKitEX",
      "state" : {
        "revision" : "b66fb1e2922611ac0c5a7ac5bbe2731f9b5ce38b",
        "version" : "5.4.0"
      }
    },
    {
      "identity" : "stkaudiokit",
      "kind" : "remoteSourceControl",
      "location" : "https://github.com/AudioKit/STKAudioKit.git",
      "state" : {
        "revision" : "8a1685afad9b5e7e892f22a8411216a36e5bcb62",
        "version" : "5.3.0"
      }
    }
  ],
  "version" : 2
}
